
Microsoft Visual Studio Solution File, Format Version 12.00
# Visual Studio Version 17
VisualStudioVersion = 17.7.34018.315
MinimumVisualStudioVersion = 10.0.40219.1
Project("{F184B08F-C81C-45F6-A57F-5ABD9991F28F}") = "Velocity", "Velocity.vbproj", "{81BB1C19-13D1-4C05-BB14-67B2211D3E42}"
EndProject
Global
	GlobalSection(SolutionConfigurationPlatforms) = preSolution
		Debug|Any CPU = Debug|Any CPU
		Release|Any CPU = Release|Any CPU
	EndGlobalSection
	GlobalSection(ProjectConfigurationPlatforms) = postSolution
		{81BB1C19-13D1-4C05-BB14-67B2211D3E42}.Debug|Any CPU.ActiveCfg = Debug|Any CPU
		{81BB1C19-13D1-4C05-BB14-67B2211D3E42}.Debug|Any CPU.Build.0 = Debug|Any CPU
		{81BB1C19-13D1-4C05-BB14-67B2211D3E42}.Release|Any CPU.ActiveCfg = Release|Any CPU
		{81BB1C19-13D1-4C05-BB14-67B2211D3E42}.Release|Any CPU.Build.0 = Release|Any CPU
	EndGlobalSection
	GlobalSection(SolutionProperties) = preSolution
		HideSolutionNode = FALSE
	EndGlobalSection
	GlobalSection(ExtensibilityGlobals) = postSolution
		SolutionGuid = {4B88443C-B4D3-4644-A653-A3C928B525D4}
	EndGlobalSection
EndGlobal
